
Microsoft Visual Studio Solution File, Format Version 12.00
# Visual Studio Version 16
VisualStudioVersion = 16.0.29025.244
MinimumVisualStudioVersion = 10.0.40219.1
Project("{FAE04EC0-301F-11D3-BF4B-00C04F79EFBC}") = "CodeFirstWithDb_POCOGen", "CodeFirstWithDb_POCOGen\CodeFirstWithDb_POCOGen.csproj", "{6165D47C-D1A1-435C-9283-B32B0348B193}"
EndProject
Global
	GlobalSection(SolutionConfigurationPlatforms) = preSolution
		Debug|Any CPU = Debug|Any CPU
		Release|Any CPU = Release|Any CPU
	EndGlobalSection
	GlobalSection(ProjectConfigurationPlatforms) = postSolution
		{6165D47C-D1A1-435C-9283-B32B0348B193}.Debug|Any CPU.ActiveCfg = Debug|Any CPU
		{6165D47C-D1A1-435C-9283-B32B0348B193}.Debug|Any CPU.Build.0 = Debug|Any CPU
		{6165D47C-D1A1-435C-9283-B32B0348B193}.Release|Any CPU.ActiveCfg = Release|Any CPU
		{6165D47C-D1A1-435C-9283-B32B0348B193}.Release|Any CPU.Build.0 = Release|Any CPU
	EndGlobalSection
	GlobalSection(SolutionProperties) = preSolution
		HideSolutionNode = FALSE
	EndGlobalSection
	GlobalSection(ExtensibilityGlobals) = postSolution
		SolutionGuid = {92428DBB-CE74-4372-916A-075FEB1B58F9}
	EndGlobalSection
EndGlobal
